version = 1
requires-python = ">=3.12"

[[package]]
name = "colorama"
version = "0.4.6"
source = { registry = "https://pypi.org/simple" }
sdist = { url = "https://files.pythonhosted.org/packages/d8/53/6f443c9a4a8358a93a6792e2acffb9d9d5cb0a5cfd8802644b7b1c9a02e4/colorama-0.4.6.tar.gz", hash = "sha256:08695f5cb7ed6e0531a20572697297273c47b8cae5a63ffc6d6ed5c201be6e44", size = 27697 }
wheels = [
    { url = "https://files.pythonhosted.org/packages/d1/d6/3965ed04c63042e047cb6a3e6ed1a63a35087b6a609aa3a15ed8ac56c221/colorama-0.4.6-py2.py3-none-any.whl", hash = "sha256:4f1d9991f5acc0ca119f9d443620b77f9d6b33703e51011c16baf57afb285fc6", size = 25335 },
]

[[package]]
name = "imdb-sqlite"
version = "1.1.0"
source = { registry = "https://pypi.org/simple" }
dependencies = [
    { name = "tqdm" },
]
sdist = { url = "https://files.pythonhosted.org/packages/36/c6/7dd3f2dbe13aea52d12ed2af64c4eabde16886fe8f5b85dd1bbee62fe627/imdb-sqlite-1.1.0.tar.gz", hash = "sha256:86e7cde1c9b53ffce0bec6309a4df4b5d70c59541b14bd831e2189b604439c68", size = 15697 }
wheels = [
    { url = "https://files.pythonhosted.org/packages/e5/b6/e24af422cf832f1ccbfa0a079d0418ff80d7b8708b3c07950001e680e2b5/imdb_sqlite-1.1.0-py3-none-any.whl", hash = "sha256:12d4906886845db1683c2a7f7cce22b441ffce8b8a8a4c8cea193d1672ff696a", size = 16726 },
]

[[package]]
name = "movie-graph"
version = "0.1.0"
source = { virtual = "." }
dependencies = [
    { name = "imdb-sqlite" },
    { name = "neo4j" },
]

[package.metadata]
requires-dist = [
    { name = "imdb-sqlite", specifier = ">=1.1.0" },
    { name = "neo4j", specifier = ">=5.27.0" },
]

[[package]]
name = "neo4j"
version = "5.27.0"
source = { registry = "https://pypi.org/simple" }
dependencies = [
    { name = "pytz" },
]
sdist = { url = "https://files.pythonhosted.org/packages/9c/b6/31ed9f3df8b948aecd31952193b803cd2007551f2f81aaa60d264e8d1950/neo4j-5.27.0.tar.gz", hash = "sha256:f82ee807cd15b178898d83f41a66372e11719a25dd487fd7bea48fd4b7323765", size = 223803 }
wheels = [
    { url = "https://files.pythonhosted.org/packages/f7/9a/cec819e5887804896db67b13215682b15e6f9201d9cf63890fee2b9a29e9/neo4j-5.27.0-py3-none-any.whl", hash = "sha256:929c14b9e5341267324eca170b39d1798b032bffacc26a0529eacaf678ae483f", size = 301679 },
]

[[package]]
name = "pytz"
version = "2024.2"
source = { registry = "https://pypi.org/simple" }
sdist = { url = "https://files.pythonhosted.org/packages/3a/31/3c70bf7603cc2dca0f19bdc53b4537a797747a58875b552c8c413d963a3f/pytz-2024.2.tar.gz", hash = "sha256:2aa355083c50a0f93fa581709deac0c9ad65cca8a9e9beac660adcbd493c798a", size = 319692 }
wheels = [
    { url = "https://files.pythonhosted.org/packages/11/c3/005fcca25ce078d2cc29fd559379817424e94885510568bc1bc53d7d5846/pytz-2024.2-py2.py3-none-any.whl", hash = "sha256:31c7c1817eb7fae7ca4b8c7ee50c72f93aa2dd863de768e1ef4245d426aa0725", size = 508002 },
]

[[package]]
name = "tqdm"
version = "4.67.1"
source = { registry = "https://pypi.org/simple" }
dependencies = [
    { name = "colorama", marker = "sys_platform == 'win32'" },
]
sdist = { url = "https://files.pythonhosted.org/packages/a8/4b/29b4ef32e036bb34e4ab51796dd745cdba7ed47ad142a9f4a1eb8e0c744d/tqdm-4.67.1.tar.gz", hash = "sha256:f8aef9c52c08c13a65f30ea34f4e5aac3fd1a34959879d7e59e63027286627f2", size = 169737 }
wheels = [
    { url = "https://files.pythonhosted.org/packages/d0/30/dc54f88dd4a2b5dc8a0279bdd7270e735851848b762aeb1c1184ed1f6b14/tqdm-4.67.1-py3-none-any.whl", hash = "sha256:26445eca388f82e72884e0d580d5464cd801a3ea01e63e5601bdff9ba6a48de2", size = 78540 },
]
